
Microsoft Visual Studio Solution File, Format Version 12.00
# Visual Studio Version 17
VisualStudioVersion = 17.14.36127.28 d17.14
MinimumVisualStudioVersion = 10.0.40219.1
Project("{FAE04EC0-301F-11D3-BF4B-00C04F79EFBC}") = "Demo", "Demo\Demo.csproj", "{C902AA4A-BEF2-4D3B-835E-B6B1D8CF97E5}"
EndProject
Project("{FAE04EC0-301F-11D3-BF4B-00C04F79EFBC}") = "Common", "Common\Common.csproj", "{F30B8B3F-083C-4275-98A6-F1AD6884DDC5}"
EndProject
Global
	GlobalSection(SolutionConfigurationPlatforms) = preSolution
		Debug|Any CPU = Debug|Any CPU
		Release|Any CPU = Release|Any CPU
	EndGlobalSection
	GlobalSection(ProjectConfigurationPlatforms) = postSolution
		{C902AA4A-BEF2-4D3B-835E-B6B1D8CF97E5}.Debug|Any CPU.ActiveCfg = Debug|Any CPU
		{C902AA4A-BEF2-4D3B-835E-B6B1D8CF97E5}.Debug|Any CPU.Build.0 = Debug|Any CPU
		{C902AA4A-BEF2-4D3B-835E-B6B1D8CF97E5}.Release|Any CPU.ActiveCfg = Release|Any CPU
		{C902AA4A-BEF2-4D3B-835E-B6B1D8CF97E5}.Release|Any CPU.Build.0 = Release|Any CPU
		{F30B8B3F-083C-4275-98A6-F1AD6884DDC5}.Debug|Any CPU.ActiveCfg = Debug|Any CPU
		{F30B8B3F-083C-4275-98A6-F1AD6884DDC5}.Debug|Any CPU.Build.0 = Debug|Any CPU
		{F30B8B3F-083C-4275-98A6-F1AD6884DDC5}.Release|Any CPU.ActiveCfg = Release|Any CPU
		{F30B8B3F-083C-4275-98A6-F1AD6884DDC5}.Release|Any CPU.Build.0 = Release|Any CPU
	EndGlobalSection
	GlobalSection(SolutionProperties) = preSolution
		HideSolutionNode = FALSE
	EndGlobalSection
	GlobalSection(ExtensibilityGlobals) = postSolution
		SolutionGuid = {DA735736-1710-4695-A7EA-378C82400B36}
	EndGlobalSection
EndGlobal
